
Microsoft Visual Studio Solution File, Format Version 12.00
# Visual Studio Version 17
VisualStudioVersion = 17.6.33815.320
MinimumVisualStudioVersion = 10.0.40219.1
Project("{FAE04EC0-301F-11D3-BF4B-00C04F79EFBC}") = "Bank", "Bank\Bank.csproj", "{EAEEE41E-07DA-46B3-ABF9-14A03A23EB39}"
EndProject
Global
	GlobalSection(SolutionConfigurationPlatforms) = preSolution
		Debug|Any CPU = Debug|Any CPU
		Release|Any CPU = Release|Any CPU
	EndGlobalSection
	GlobalSection(ProjectConfigurationPlatforms) = postSolution
		{EAEEE41E-07DA-46B3-ABF9-14A03A23EB39}.Debug|Any CPU.ActiveCfg = Debug|Any CPU
		{EAEEE41E-07DA-46B3-ABF9-14A03A23EB39}.Debug|Any CPU.Build.0 = Debug|Any CPU
		{EAEEE41E-07DA-46B3-ABF9-14A03A23EB39}.Release|Any CPU.ActiveCfg = Release|Any CPU
		{EAEEE41E-07DA-46B3-ABF9-14A03A23EB39}.Release|Any CPU.Build.0 = Release|Any CPU
	EndGlobalSection
	GlobalSection(SolutionProperties) = preSolution
		HideSolutionNode = FALSE
	EndGlobalSection
	GlobalSection(ExtensibilityGlobals) = postSolution
		SolutionGuid = {4B3A0EBB-BFDA-47FD-846A-4083C8026BAD}
	EndGlobalSection
EndGlobal
